
Microsoft Visual Studio Solution File, Format Version 12.00
# Visual Studio Version 16
VisualStudioVersion = 16.0.30413.136
MinimumVisualStudioVersion = 10.0.40219.1
Project("{FAE04EC0-301F-11D3-BF4B-00C04F79EFBC}") = "speard-report", "speard-report\speard-report.csproj", "{6F7EFD9A-0626-4C40-88FE-406B35185ABC}"
EndProject
Global
	GlobalSection(SolutionConfigurationPlatforms) = preSolution
		Debug|Any CPU = Debug|Any CPU
		Release|Any CPU = Release|Any CPU
	EndGlobalSection
	GlobalSection(ProjectConfigurationPlatforms) = postSolution
		{6F7EFD9A-0626-4C40-88FE-406B35185ABC}.Debug|Any CPU.ActiveCfg = Debug|Any CPU
		{6F7EFD9A-0626-4C40-88FE-406B35185ABC}.Debug|Any CPU.Build.0 = Debug|Any CPU
		{6F7EFD9A-0626-4C40-88FE-406B35185ABC}.Release|Any CPU.ActiveCfg = Release|Any CPU
		{6F7EFD9A-0626-4C40-88FE-406B35185ABC}.Release|Any CPU.Build.0 = Release|Any CPU
	EndGlobalSection
	GlobalSection(SolutionProperties) = preSolution
		HideSolutionNode = FALSE
	EndGlobalSection
	GlobalSection(ExtensibilityGlobals) = postSolution
		SolutionGuid = {7ECC8312-DE68-4C22-9DD1-6CD9B69CBCF4}
	EndGlobalSection
EndGlobal
